
Microsoft Visual Studio Solution File, Format Version 12.00
# Visual Studio 15
VisualStudioVersion = 15.0.26730.12
MinimumVisualStudioVersion = 10.0.40219.1
Project("{8BC9CEB8-8B4A-11D0-8D11-00A0C91BC942}") = "CFMandelbrot", "CFMandelbrot\CFMandelbrot.vcxproj", "{25C22F5F-E5B8-4DC3-AE5D-A9465DEAB5FF}"
	ProjectSection(ProjectDependencies) = postProject
		{955DFD0D-529B-4C4E-B65E-875D80C67175} = {955DFD0D-529B-4C4E-B65E-875D80C67175}
	EndProjectSection
EndProject
Project("{8BC9CEB8-8B4A-11D0-8D11-00A0C91BC942}") = "ClusterFrac", "ClusterFrac\ClusterFrac.vcxproj", "{955DFD0D-529B-4C4E-B65E-875D80C67175}"
EndProject
Project("{8BC9CEB8-8B4A-11D0-8D11-00A0C91BC942}") = "Benchmark", "Benchmark\Benchmark.vcxproj", "{E63AF37B-63AB-4884-B759-D336EF606E65}"
	ProjectSection(ProjectDependencies) = postProject
		{955DFD0D-529B-4C4E-B65E-875D80C67175} = {955DFD0D-529B-4C4E-B65E-875D80C67175}
	EndProjectSection
EndProject
Project("{8BC9CEB8-8B4A-11D0-8D11-00A0C91BC942}") = "ClusterFracClient", "ClusterFracClient\ClusterFracClient.vcxproj", "{F5B81703-7A26-40B5-8342-2CDC30B7C5A6}"
	ProjectSection(ProjectDependencies) = postProject
		{955DFD0D-529B-4C4E-B65E-875D80C67175} = {955DFD0D-529B-4C4E-B65E-875D80C67175}
	EndProjectSection
EndProject
Global
	GlobalSection(SolutionConfigurationPlatforms) = preSolution
		Debug|x64 = Debug|x64
		Debug|x86 = Debug|x86
		DLLDebug|x64 = DLLDebug|x64
		DLLDebug|x86 = DLLDebug|x86
		DLLRelease|x64 = DLLRelease|x64
		DLLRelease|x86 = DLLRelease|x86
		Release|x64 = Release|x64
		Release|x86 = Release|x86
	EndGlobalSection
	GlobalSection(ProjectConfigurationPlatforms) = postSolution
		{25C22F5F-E5B8-4DC3-AE5D-A9465DEAB5FF}.Debug|x64.ActiveCfg = Debug|x64
		{25C22F5F-E5B8-4DC3-AE5D-A9465DEAB5FF}.Debug|x64.Build.0 = Debug|x64
		{25C22F5F-E5B8-4DC3-AE5D-A9465DEAB5FF}.Debug|x86.ActiveCfg = Debug|x64
		{25C22F5F-E5B8-4DC3-AE5D-A9465DEAB5FF}.DLLDebug|x64.ActiveCfg = DLLDebug|x64
		{25C22F5F-E5B8-4DC3-AE5D-A9465DEAB5FF}.DLLDebug|x64.Build.0 = DLLDebug|x64
		{25C22F5F-E5B8-4DC3-AE5D-A9465DEAB5FF}.DLLDebug|x86.ActiveCfg = DLLDebug|x64
		{25C22F5F-E5B8-4DC3-AE5D-A9465DEAB5FF}.DLLRelease|x64.ActiveCfg = DLLRelease|x64
		{25C22F5F-E5B8-4DC3-AE5D-A9465DEAB5FF}.DLLRelease|x64.Build.0 = DLLRelease|x64
		{25C22F5F-E5B8-4DC3-AE5D-A9465DEAB5FF}.DLLRelease|x86.ActiveCfg = DLLRelease|x64
		{25C22F5F-E5B8-4DC3-AE5D-A9465DEAB5FF}.Release|x64.ActiveCfg = Release|x64
		{25C22F5F-E5B8-4DC3-AE5D-A9465DEAB5FF}.Release|x64.Build.0 = Release|x64
		{25C22F5F-E5B8-4DC3-AE5D-A9465DEAB5FF}.Release|x86.ActiveCfg = Release|x64
		{955DFD0D-529B-4C4E-B65E-875D80C67175}.Debug|x64.ActiveCfg = Debug|x64
		{955DFD0D-529B-4C4E-B65E-875D80C67175}.Debug|x64.Build.0 = Debug|x64
		{955DFD0D-529B-4C4E-B65E-875D80C67175}.Debug|x86.ActiveCfg = Debug|x64
		{955DFD0D-529B-4C4E-B65E-875D80C67175}.DLLDebug|x64.ActiveCfg = DLLDebug|x64
		{955DFD0D-529B-4C4E-B65E-875D80C67175}.DLLDebug|x64.Build.0 = DLLDebug|x64
		{955DFD0D-529B-4C4E-B65E-875D80C67175}.DLLDebug|x86.ActiveCfg = DLLDebug|x64
		{955DFD0D-529B-4C4E-B65E-875D80C67175}.DLLRelease|x64.ActiveCfg = DLLRelease|x64
		{955DFD0D-529B-4C4E-B65E-875D80C67175}.DLLRelease|x64.Build.0 = DLLRelease|x64
		{955DFD0D-529B-4C4E-B65E-875D80C67175}.DLLRelease|x86.ActiveCfg = DLLRelease|x64
		{955DFD0D-529B-4C4E-B65E-875D80C67175}.Release|x64.ActiveCfg = Release|x64
		{955DFD0D-529B-4C4E-B65E-875D80C67175}.Release|x64.Build.0 = Release|x64
		{955DFD0D-529B-4C4E-B65E-875D80C67175}.Release|x86.ActiveCfg = Release|x64
		{E63AF37B-63AB-4884-B759-D336EF606E65}.Debug|x64.ActiveCfg = Debug|x64
		{E63AF37B-63AB-4884-B759-D336EF606E65}.Debug|x64.Build.0 = Debug|x64
		{E63AF37B-63AB-4884-B759-D336EF606E65}.Debug|x86.ActiveCfg = Debug|x64
		{E63AF37B-63AB-4884-B759-D336EF606E65}.DLLDebug|x64.ActiveCfg = DLLDebug|x64
		{E63AF37B-63AB-4884-B759-D336EF606E65}.DLLDebug|x64.Build.0 = DLLDebug|x64
		{E63AF37B-63AB-4884-B759-D336EF606E65}.DLLDebug|x86.ActiveCfg = DLLDebug|x64
		{E63AF37B-63AB-4884-B759-D336EF606E65}.DLLRelease|x64.ActiveCfg = DLLRelease|x64
		{E63AF37B-63AB-4884-B759-D336EF606E65}.DLLRelease|x64.Build.0 = DLLRelease|x64
		{E63AF37B-63AB-4884-B759-D336EF606E65}.DLLRelease|x86.ActiveCfg = DLLRelease|x64
		{E63AF37B-63AB-4884-B759-D336EF606E65}.Release|x64.ActiveCfg = Release|x64
		{E63AF37B-63AB-4884-B759-D336EF606E65}.Release|x64.Build.0 = Release|x64
		{E63AF37B-63AB-4884-B759-D336EF606E65}.Release|x86.ActiveCfg = Release|x64
		{F5B81703-7A26-40B5-8342-2CDC30B7C5A6}.Debug|x64.ActiveCfg = Debug|x64
		{F5B81703-7A26-40B5-8342-2CDC30B7C5A6}.Debug|x64.Build.0 = Debug|x64
		{F5B81703-7A26-40B5-8342-2CDC30B7C5A6}.Debug|x86.ActiveCfg = Debug|x64
		{F5B81703-7A26-40B5-8342-2CDC30B7C5A6}.DLLDebug|x64.ActiveCfg = DLLDebug|x64
		{F5B81703-7A26-40B5-8342-2CDC30B7C5A6}.DLLDebug|x64.Build.0 = DLLDebug|x64
		{F5B81703-7A26-40B5-8342-2CDC30B7C5A6}.DLLDebug|x86.ActiveCfg = DLLDebug|x64
		{F5B81703-7A26-40B5-8342-2CDC30B7C5A6}.DLLRelease|x64.ActiveCfg = DLLRelease|x64
		{F5B81703-7A26-40B5-8342-2CDC30B7C5A6}.DLLRelease|x64.Build.0 = DLLRelease|x64
		{F5B81703-7A26-40B5-8342-2CDC30B7C5A6}.DLLRelease|x86.ActiveCfg = DLLRelease|x64
		{F5B81703-7A26-40B5-8342-2CDC30B7C5A6}.Release|x64.ActiveCfg = Release|x64
		{F5B81703-7A26-40B5-8342-2CDC30B7C5A6}.Release|x64.Build.0 = Release|x64
		{F5B81703-7A26-40B5-8342-2CDC30B7C5A6}.Release|x86.ActiveCfg = Release|x64
	EndGlobalSection
	GlobalSection(SolutionProperties) = preSolution
		HideSolutionNode = FALSE
	EndGlobalSection
	GlobalSection(ExtensibilityGlobals) = postSolution
		SolutionGuid = {37521527-4F54-4728-B738-D05177E03FA0}
	EndGlobalSection
EndGlobal
